
Microsoft Visual Studio Solution File, Format Version 12.00
# Visual Studio 15
Project("{FAE04EC0-301F-11D3-BF4B-00C04F79EFBC}") = "PhotonUnityNetworking.Demos", "PhotonUnityNetworking.Demos.csproj", "{3D274FBC-8647-ECA6-F30D-B6A84E96F49F}"
EndProject
Project("{FAE04EC0-301F-11D3-BF4B-00C04F79EFBC}") = "PhotonUnityNetworking.Utilities", "PhotonUnityNetworking.Utilities.csproj", "{7D98B310-B007-C66A-F2B3-15FB5E08E0F1}"
EndProject
Project("{FAE04EC0-301F-11D3-BF4B-00C04F79EFBC}") = "PhotonChat", "PhotonChat.csproj", "{7B8E3421-B78D-B0B5-CF70-699AFB5F339A}"
EndProject
Project("{FAE04EC0-301F-11D3-BF4B-00C04F79EFBC}") = "PhotonUnityNetworking", "PhotonUnityNetworking.csproj", "{6C6AFD79-5EF8-8F55-9352-58300662C578}"
EndProject
Project("{FAE04EC0-301F-11D3-BF4B-00C04F79EFBC}") = "Assembly-CSharp", "Assembly-CSharp.csproj", "{87F3D45F-4F47-29F6-971A-60C2F2991702}"
EndProject
Project("{FAE04EC0-301F-11D3-BF4B-00C04F79EFBC}") = "PhotonRealtime", "PhotonRealtime.csproj", "{A9540706-A57B-5B50-0F91-9771995D888D}"
EndProject
Project("{FAE04EC0-301F-11D3-BF4B-00C04F79EFBC}") = "PhotonUnityNetworking.Editor", "PhotonUnityNetworking.Editor.csproj", "{534A3465-DEE3-EEA6-5034-8D5100D0F3B2}"
EndProject
Project("{FAE04EC0-301F-11D3-BF4B-00C04F79EFBC}") = "PunDemos.DemoHubEditor", "PunDemos.DemoHubEditor.csproj", "{2AB2EDB6-7017-32DF-75D2-5338B1879077}"
EndProject
Project("{FAE04EC0-301F-11D3-BF4B-00C04F79EFBC}") = "PhotonUnityNetworking.Utilities.PhotonPlayer.Editor", "PhotonUnityNetworking.Utilities.PhotonPlayer.Editor.csproj", "{FA265EE3-BDBE-A386-2650-DDF396FD617C}"
EndProject
Project("{FAE04EC0-301F-11D3-BF4B-00C04F79EFBC}") = "PhotonUnityNetworking.Utilities.Culling.Editor", "PhotonUnityNetworking.Utilities.Culling.Editor.csproj", "{2FE0877B-D848-E162-A602-C9A01C845E3C}"
EndProject
Project("{FAE04EC0-301F-11D3-BF4B-00C04F79EFBC}") = "PunDemos.DemoSlotcarEditor", "PunDemos.DemoSlotcarEditor.csproj", "{9CDAC519-E882-8E40-806E-6A2286946396}"
EndProject
Global
	GlobalSection(SolutionConfigurationPlatforms) = preSolution
		Debug|Any CPU = Debug|Any CPU
		Release|Any CPU = Release|Any CPU
	EndGlobalSection
	GlobalSection(ProjectConfigurationPlatforms) = postSolution
		{3D274FBC-8647-ECA6-F30D-B6A84E96F49F}.Debug|Any CPU.ActiveCfg = Debug|Any CPU
		{3D274FBC-8647-ECA6-F30D-B6A84E96F49F}.Debug|Any CPU.Build.0 = Debug|Any CPU
		{3D274FBC-8647-ECA6-F30D-B6A84E96F49F}.Release|Any CPU.ActiveCfg = Release|Any CPU
		{3D274FBC-8647-ECA6-F30D-B6A84E96F49F}.Release|Any CPU.Build.0 = Release|Any CPU
		{7D98B310-B007-C66A-F2B3-15FB5E08E0F1}.Debug|Any CPU.ActiveCfg = Debug|Any CPU
		{7D98B310-B007-C66A-F2B3-15FB5E08E0F1}.Debug|Any CPU.Build.0 = Debug|Any CPU
		{7D98B310-B007-C66A-F2B3-15FB5E08E0F1}.Release|Any CPU.ActiveCfg = Release|Any CPU
		{7D98B310-B007-C66A-F2B3-15FB5E08E0F1}.Release|Any CPU.Build.0 = Release|Any CPU
		{7B8E3421-B78D-B0B5-CF70-699AFB5F339A}.Debug|Any CPU.ActiveCfg = Debug|Any CPU
		{7B8E3421-B78D-B0B5-CF70-699AFB5F339A}.Debug|Any CPU.Build.0 = Debug|Any CPU
		{7B8E3421-B78D-B0B5-CF70-699AFB5F339A}.Release|Any CPU.ActiveCfg = Release|Any CPU
		{7B8E3421-B78D-B0B5-CF70-699AFB5F339A}.Release|Any CPU.Build.0 = Release|Any CPU
		{6C6AFD79-5EF8-8F55-9352-58300662C578}.Debug|Any CPU.ActiveCfg = Debug|Any CPU
		{6C6AFD79-5EF8-8F55-9352-58300662C578}.Debug|Any CPU.Build.0 = Debug|Any CPU
		{6C6AFD79-5EF8-8F55-9352-58300662C578}.Release|Any CPU.ActiveCfg = Release|Any CPU
		{6C6AFD79-5EF8-8F55-9352-58300662C578}.Release|Any CPU.Build.0 = Release|Any CPU
		{87F3D45F-4F47-29F6-971A-60C2F2991702}.Debug|Any CPU.ActiveCfg = Debug|Any CPU
		{87F3D45F-4F47-29F6-971A-60C2F2991702}.Debug|Any CPU.Build.0 = Debug|Any CPU
		{87F3D45F-4F47-29F6-971A-60C2F2991702}.Release|Any CPU.ActiveCfg = Release|Any CPU
		{87F3D45F-4F47-29F6-971A-60C2F2991702}.Release|Any CPU.Build.0 = Release|Any CPU
		{A9540706-A57B-5B50-0F91-9771995D888D}.Debug|Any CPU.ActiveCfg = Debug|Any CPU
		{A9540706-A57B-5B50-0F91-9771995D888D}.Debug|Any CPU.Build.0 = Debug|Any CPU
		{A9540706-A57B-5B50-0F91-9771995D888D}.Release|Any CPU.ActiveCfg = Release|Any CPU
		{A9540706-A57B-5B50-0F91-9771995D888D}.Release|Any CPU.Build.0 = Release|Any CPU
		{534A3465-DEE3-EEA6-5034-8D5100D0F3B2}.Debug|Any CPU.ActiveCfg = Debug|Any CPU
		{534A3465-DEE3-EEA6-5034-8D5100D0F3B2}.Debug|Any CPU.Build.0 = Debug|Any CPU
		{534A3465-DEE3-EEA6-5034-8D5100D0F3B2}.Release|Any CPU.ActiveCfg = Release|Any CPU
		{534A3465-DEE3-EEA6-5034-8D5100D0F3B2}.Release|Any CPU.Build.0 = Release|Any CPU
		{2AB2EDB6-7017-32DF-75D2-5338B1879077}.Debug|Any CPU.ActiveCfg = Debug|Any CPU
		{2AB2EDB6-7017-32DF-75D2-5338B1879077}.Debug|Any CPU.Build.0 = Debug|Any CPU
		{2AB2EDB6-7017-32DF-75D2-5338B1879077}.Release|Any CPU.ActiveCfg = Release|Any CPU
		{2AB2EDB6-7017-32DF-75D2-5338B1879077}.Release|Any CPU.Build.0 = Release|Any CPU
		{FA265EE3-BDBE-A386-2650-DDF396FD617C}.Debug|Any CPU.ActiveCfg = Debug|Any CPU
		{FA265EE3-BDBE-A386-2650-DDF396FD617C}.Debug|Any CPU.Build.0 = Debug|Any CPU
		{FA265EE3-BDBE-A386-2650-DDF396FD617C}.Release|Any CPU.ActiveCfg = Release|Any CPU
		{FA265EE3-BDBE-A386-2650-DDF396FD617C}.Release|Any CPU.Build.0 = Release|Any CPU
		{2FE0877B-D848-E162-A602-C9A01C845E3C}.Debug|Any CPU.ActiveCfg = Debug|Any CPU
		{2FE0877B-D848-E162-A602-C9A01C845E3C}.Debug|Any CPU.Build.0 = Debug|Any CPU
		{2FE0877B-D848-E162-A602-C9A01C845E3C}.Release|Any CPU.ActiveCfg = Release|Any CPU
		{2FE0877B-D848-E162-A602-C9A01C845E3C}.Release|Any CPU.Build.0 = Release|Any CPU
		{9CDAC519-E882-8E40-806E-6A2286946396}.Debug|Any CPU.ActiveCfg = Debug|Any CPU
		{9CDAC519-E882-8E40-806E-6A2286946396}.Debug|Any CPU.Build.0 = Debug|Any CPU
		{9CDAC519-E882-8E40-806E-6A2286946396}.Release|Any CPU.ActiveCfg = Release|Any CPU
		{9CDAC519-E882-8E40-806E-6A2286946396}.Release|Any CPU.Build.0 = Release|Any CPU
	EndGlobalSection
	GlobalSection(SolutionProperties) = preSolution
		HideSolutionNode = FALSE
	EndGlobalSection
EndGlobal
